// !$*UTF8*$!
{
	archiveVersion = 1;
	classes = {
	};
	objectVersion = 46;
	objects = {

/* Begin PBXBuildFile section */
		218E0E7A1D3E8D9800F2E188 /* libmagnode_mac.a in Frameworks */ = {isa = PBXBuildFile; fileRef = 218E0E791D3E8D7F00F2E188 /* libmagnode_mac.a */; };
		F0FD99861C4520EC00A98322 /* main.m in Sources */ = {isa = PBXBuildFile; fileRef = F0FD99851C4520EC00A98322 /* main.m */; };
/* End PBXBuildFile section */

/* Begin PBXContainerItemProxy section */
		218E0E741D3E8D7F00F2E188 /* PBXContainerItemProxy */ = {
			isa = PBXContainerItemProxy;
			containerPortal = 218E0E6E1D3E8D7F00F2E188 /* magnode.xcodeproj */;
			proxyType = 2;
			remoteGlobalIDString = 216CC3731B52A5D800EFD63A;
			remoteInfo = magnode;
		};
		218E0E761D3E8D7F00F2E188 /* PBXContainerItemProxy */ = {
			isa = PBXContainerItemProxy;
			containerPortal = 218E0E6E1D3E8D7F00F2E188 /* magnode.xcodeproj */;
			proxyType = 2;
			remoteGlobalIDString = 216CC37E1B52A5D800EFD63A;
			remoteInfo = magnodeTests;
		};
		218E0E781D3E8D7F00F2E188 /* PBXContainerItemProxy */ = {
			isa = PBXContainerItemProxy;
			containerPortal = 218E0E6E1D3E8D7F00F2E188 /* magnode.xcodeproj */;
			proxyType = 2;
			remoteGlobalIDString = 218E0E6A1D3E8CF500F2E188;
			remoteInfo = magnode_mac;
		};
/* End PBXContainerItemProxy section */

/* Begin PBXCopyFilesBuildPhase section */
		F0FD99801C4520EC00A98322 /* CopyFiles */ = {
			isa = PBXCopyFilesBuildPhase;
			buildActionMask = 2147483647;
			dstPath = /usr/share/man/man1/;
			dstSubfolderSpec = 0;
			files = (
			);
			runOnlyForDeploymentPostprocessing = 1;
		};
/* End PBXCopyFilesBuildPhase section */

/* Begin PBXFileReference section */
		218E0E6E1D3E8D7F00F2E188 /* magnode.xcodeproj */ = {isa = PBXFileReference; lastKnownFileType = "wrapper.pb-project"; name = magnode.xcodeproj; path = ../../../build/iOS/magnode/magnode.xcodeproj; sourceTree = "<group>"; };
		F0FD99821C4520EC00A98322 /* test_magnode */ = {isa = PBXFileReference; explicitFileType = "compiled.mach-o.executable"; includeInIndex = 0; path = test_magnode; sourceTree = BUILT_PRODUCTS_DIR; };
		F0FD99851C4520EC00A98322 /* main.m */ = {isa = PBXFileReference; lastKnownFileType = sourcecode.c.objc; path = main.m; sourceTree = "<group>"; };
/* End PBXFileReference section */

/* Begin PBXFrameworksBuildPhase section */
		F0FD997F1C4520EC00A98322 /* Frameworks */ = {
			isa = PBXFrameworksBuildPhase;
			buildActionMask = 2147483647;
			files = (
				218E0E7A1D3E8D9800F2E188 /* libmagnode_mac.a in Frameworks */,
			);
			runOnlyForDeploymentPostprocessing = 0;
		};
/* End PBXFrameworksBuildPhase section */

/* Begin PBXGroup section */
		218E0E6F1D3E8D7F00F2E188 /* Products */ = {
			isa = PBXGroup;
			children = (
				218E0E751D3E8D7F00F2E188 /* libmagnode.a */,
				218E0E771D3E8D7F00F2E188 /* magnodeTests.xctest */,
				218E0E791D3E8D7F00F2E188 /* libmagnode_mac.a */,
			);
			name = Products;
			sourceTree = "<group>";
		};
		F0FD99791C4520EC00A98322 = {
			isa = PBXGroup;
			children = (
				218E0E6E1D3E8D7F00F2E188 /* magnode.xcodeproj */,
				F0FD99841C4520EC00A98322 /* test_magnode */,
				F0FD99831C4520EC00A98322 /* Products */,
			);
			sourceTree = "<group>";
		};
		F0FD99831C4520EC00A98322 /* Products */ = {
			isa = PBXGroup;
			children = (
				F0FD99821C4520EC00A98322 /* test_magnode */,
			);
			name = Products;
			sourceTree = "<group>";
		};
		F0FD99841C4520EC00A98322 /* test_magnode */ = {
			isa = PBXGroup;
			children = (
				F0FD99851C4520EC00A98322 /* main.m */,
			);
			path = test_magnode;
			sourceTree = "<group>";
		};
/* End PBXGroup section */

/* Begin PBXNativeTarget section */
		F0FD99811C4520EC00A98322 /* test_magnode */ = {
			isa = PBXNativeTarget;
			buildConfigurationList = F0FD99891C4520EC00A98322 /* Build configuration list for PBXNativeTarget "test_magnode" */;
			buildPhases = (
				F0FD997E1C4520EC00A98322 /* Sources */,
				F0FD997F1C4520EC00A98322 /* Frameworks */,
				F0FD99801C4520EC00A98322 /* CopyFiles */,
			);
			buildRules = (
			);
			dependencies = (
			);
			name = test_magnode;
			productName = test_magnode;
			productReference = F0FD99821C4520EC00A98322 /* test_magnode */;
			productType = "com.apple.product-type.tool";
		};
/* End PBXNativeTarget section */

/* Begin PBXProject section */
		F0FD997A1C4520EC00A98322 /* Project object */ = {
			isa = PBXProject;
			attributes = {
				LastUpgradeCheck = 0710;
				ORGANIZATIONNAME = "proj-m";
				TargetAttributes = {
					F0FD99811C4520EC00A98322 = {
						CreatedOnToolsVersion = 7.1;
					};
				};
			};
			buildConfigurationList = F0FD997D1C4520EC00A98322 /* Build configuration list for PBXProject "test_magnode" */;
			compatibilityVersion = "Xcode 3.2";
			developmentRegion = English;
			hasScannedForEncodings = 0;
			knownRegions = (
				en,
			);
			mainGroup = F0FD99791C4520EC00A98322;
			productRefGroup = F0FD99831C4520EC00A98322 /* Products */;
			projectDirPath = "";
			projectReferences = (
				{
					ProductGroup = 218E0E6F1D3E8D7F00F2E188 /* Products */;
					ProjectRef = 218E0E6E1D3E8D7F00F2E188 /* magnode.xcodeproj */;
				},
			);
			projectRoot = "";
			targets = (
				F0FD99811C4520EC00A98322 /* test_magnode */,
			);
		};
/* End PBXProject section */

/* Begin PBXReferenceProxy section */
		218E0E751D3E8D7F00F2E188 /* libmagnode.a */ = {
			isa = PBXReferenceProxy;
			fileType = archive.ar;
			path = libmagnode.a;
			remoteRef = 218E0E741D3E8D7F00F2E188 /* PBXContainerItemProxy */;
			sourceTree = BUILT_PRODUCTS_DIR;
		};
		218E0E771D3E8D7F00F2E188 /* magnodeTests.xctest */ = {
			isa = PBXReferenceProxy;
			fileType = wrapper.cfbundle;
			path = magnodeTests.xctest;
			remoteRef = 218E0E761D3E8D7F00F2E188 /* PBXContainerItemProxy */;
			sourceTree = BUILT_PRODUCTS_DIR;
		};
		218E0E791D3E8D7F00F2E188 /* libmagnode_mac.a */ = {
			isa = PBXReferenceProxy;
			fileType = archive.ar;
			path = libmagnode_mac.a;
			remoteRef = 218E0E781D3E8D7F00F2E188 /* PBXContainerItemProxy */;
			sourceTree = BUILT_PRODUCTS_DIR;
		};
/* End PBXReferenceProxy section */

/* Begin PBXSourcesBuildPhase section */
		F0FD997E1C4520EC00A98322 /* Sources */ = {
			isa = PBXSourcesBuildPhase;
			buildActionMask = 2147483647;
			files = (
				F0FD99861C4520EC00A98322 /* main.m in Sources */,
			);
			runOnlyForDeploymentPostprocessing = 0;
		};
/* End PBXSourcesBuildPhase section */

/* Begin XCBuildConfiguration section */
		F0FD99871C4520EC00A98322 /* Debug */ = {
			isa = XCBuildConfiguration;
			buildSettings = {
				ALWAYS_SEARCH_USER_PATHS = NO;
				CLANG_CXX_LANGUAGE_STANDARD = "gnu++0x";
				CLANG_CXX_LIBRARY = "libc++";
				CLANG_ENABLE_MODULES = YES;
				CLANG_ENABLE_OBJC_ARC = YES;
				CLANG_WARN_BOOL_CONVERSION = YES;
				CLANG_WARN_CONSTANT_CONVERSION = YES;
				CLANG_WARN_DIRECT_OBJC_ISA_USAGE = YES_ERROR;
				CLANG_WARN_EMPTY_BODY = YES;
				CLANG_WARN_ENUM_CONVERSION = YES;
				CLANG_WARN_INT_CONVERSION = YES;
				CLANG_WARN_OBJC_ROOT_CLASS = YES_ERROR;
				CLANG_WARN_UNREACHABLE_CODE = YES;
				CLANG_WARN__DUPLICATE_METHOD_MATCH = YES;
				CODE_SIGN_IDENTITY = "-";
				COPY_PHASE_STRIP = NO;
				DEBUG_INFORMATION_FORMAT = dwarf;
				ENABLE_STRICT_OBJC_MSGSEND = YES;
				ENABLE_TESTABILITY = YES;
				GCC_C_LANGUAGE_STANDARD = gnu99;
				GCC_DYNAMIC_NO_PIC = NO;
				GCC_NO_COMMON_BLOCKS = YES;
				GCC_OPTIMIZATION_LEVEL = 0;
				GCC_PREPROCESSOR_DEFINITIONS = (
					"DEBUG=1",
					"$(inherited)",
				);
				GCC_WARN_64_TO_32_BIT_CONVERSION = YES;
				GCC_WARN_ABOUT_RETURN_TYPE = YES_ERROR;
				GCC_WARN_UNDECLARED_SELECTOR = YES;
				GCC_WARN_UNINITIALIZED_AUTOS = YES_AGGRESSIVE;
				GCC_WARN_UNUSED_FUNCTION = YES;
				GCC_WARN_UNUSED_VARIABLE = YES;
				MACOSX_DEPLOYMENT_TARGET = 10.11;
				MTL_ENABLE_DEBUG_INFO = YES;
				ONLY_ACTIVE_ARCH = YES;
				SDKROOT = macosx;
			};
			name = Debug;
		};
		F0FD99881C4520EC00A98322 /* Release */ = {
			isa = XCBuildConfiguration;
			buildSettings = {
				ALWAYS_SEARCH_USER_PATHS = NO;
				CLANG_CXX_LANGUAGE_STANDARD = "gnu++0x";
				CLANG_CXX_LIBRARY = "libc++";
				CLANG_ENABLE_MODULES = YES;
				CLANG_ENABLE_OBJC_ARC = YES;
				CLANG_WARN_BOOL_CONVERSION = YES;
				CLANG_WARN_CONSTANT_CONVERSION = YES;
				CLANG_WARN_DIRECT_OBJC_ISA_USAGE = YES_ERROR;
				CLANG_WARN_EMPTY_BODY = YES;
				CLANG_WARN_ENUM_CONVERSION = YES;
				CLANG_WARN_INT_CONVERSION = YES;
				CLANG_WARN_OBJC_ROOT_CLASS = YES_ERROR;
				CLANG_WARN_UNREACHABLE_CODE = YES;
				CLANG_WARN__DUPLICATE_METHOD_MATCH = YES;
				CODE_SIGN_IDENTITY = "-";
				COPY_PHASE_STRIP = NO;
				DEBUG_INFORMATION_FORMAT = "dwarf-with-dsym";
				ENABLE_NS_ASSERTIONS = NO;
				ENABLE_STRICT_OBJC_MSGSEND = YES;
				GCC_C_LANGUAGE_STANDARD = gnu99;
				GCC_NO_COMMON_BLOCKS = YES;
				GCC_WARN_64_TO_32_BIT_CONVERSION = YES;
				GCC_WARN_ABOUT_RETURN_TYPE = YES_ERROR;
				GCC_WARN_UNDECLARED_SELECTOR = YES;
				GCC_WARN_UNINITIALIZED_AUTOS = YES_AGGRESSIVE;
				GCC_WARN_UNUSED_FUNCTION = YES;
				GCC_WARN_UNUSED_VARIABLE = YES;
				MACOSX_DEPLOYMENT_TARGET = 10.11;
				MTL_ENABLE_DEBUG_INFO = NO;
				SDKROOT = macosx;
			};
			name = Release;
		};
		F0FD998A1C4520EC00A98322 /* Debug */ = {
			isa = XCBuildConfiguration;
			buildSettings = {
				HEADER_SEARCH_PATHS = ../../../include/;
				PRODUCT_NAME = "$(TARGET_NAME)";
			};
			name = Debug;
		};
		F0FD998B1C4520EC00A98322 /* Release */ = {
			isa = XCBuildConfiguration;
			buildSettings = {
				HEADER_SEARCH_PATHS = ../../../include/;
				PRODUCT_NAME = "$(TARGET_NAME)";
			};
			name = Release;
		};
/* End XCBuildConfiguration section */

/* Begin XCConfigurationList section */
		F0FD997D1C4520EC00A98322 /* Build configuration list for PBXProject "test_magnode" */ = {
			isa = XCConfigurationList;
			buildConfigurations = (
				F0FD99871C4520EC00A98322 /* Debug */,
				F0FD99881C4520EC00A98322 /* Release */,
			);
			defaultConfigurationIsVisible = 0;
			defaultConfigurationName = Release;
		};
		F0FD99891C4520EC00A98322 /* Build configuration list for PBXNativeTarget "test_magnode" */ = {
			isa = XCConfigurationList;
			buildConfigurations = (
				F0FD998A1C4520EC00A98322 /* Debug */,
				F0FD998B1C4520EC00A98322 /* Release */,
			);
			defaultConfigurationIsVisible = 0;
			defaultConfigurationName = Release;
		};
/* End XCConfigurationList section */
	};
	rootObject = F0FD997A1C4520EC00A98322 /* Project object */;
}
